// !$*UTF8*$!
{
	archiveVersion = 1;
	classes = {
	};
	objectVersion = 56;
	objects = {

/* Begin PBXBuildFile section */
		D72970D02B3C0EC300A50A22 /* Content.swift in Sources */ = {isa = PBXBuildFile; fileRef = D72970CF2B3C0EC300A50A22 /* Content.swift */; };
		D72970D52B3C0F0800A50A22 /* CollectionViewTableViewCell.swift in Sources */ = {isa = PBXBuildFile; fileRef = D72970D42B3C0F0800A50A22 /* CollectionViewTableViewCell.swift */; };
		D72970D72B3C0F2300A50A22 /* HeroHeaderUIView.swift in Sources */ = {isa = PBXBuildFile; fileRef = D72970D62B3C0F2300A50A22 /* HeroHeaderUIView.swift */; };
		D72970DA2B3C0F6400A50A22 /* HomeViewController.swift in Sources */ = {isa = PBXBuildFile; fileRef = D72970D92B3C0F6400A50A22 /* HomeViewController.swift */; };
		D72970DC2B3C0F7D00A50A22 /* DownloadsViewController.swift in Sources */ = {isa = PBXBuildFile; fileRef = D72970DB2B3C0F7D00A50A22 /* DownloadsViewController.swift */; };
		D72970DE2B3C0F9500A50A22 /* SearchViewController.swift in Sources */ = {isa = PBXBuildFile; fileRef = D72970DD2B3C0F9500A50A22 /* SearchViewController.swift */; };
		D72970E12B3C0FB400A50A22 /* UpcomingViewController.swift in Sources */ = {isa = PBXBuildFile; fileRef = D72970E02B3C0FB400A50A22 /* UpcomingViewController.swift */; };
		D72970E42B3C0FD900A50A22 /* Extensions.swift in Sources */ = {isa = PBXBuildFile; fileRef = D72970E32B3C0FD900A50A22 /* Extensions.swift */; };
		D72970E72B3C0FF700A50A22 /* APIManager.swift in Sources */ = {isa = PBXBuildFile; fileRef = D72970E62B3C0FF700A50A22 /* APIManager.swift */; };
		D72970EA2B3C124C00A50A22 /* MainTabBarViewController.swift in Sources */ = {isa = PBXBuildFile; fileRef = D72970E92B3C124C00A50A22 /* MainTabBarViewController.swift */; };
		D72970EC2B3C1E7700A50A22 /* ContentCollectionViewCell.swift in Sources */ = {isa = PBXBuildFile; fileRef = D72970EB2B3C1E7700A50A22 /* ContentCollectionViewCell.swift */; };
		D72970F22B3C20CF00A50A22 /* SDWebImage in Frameworks */ = {isa = PBXBuildFile; productRef = D72970F12B3C20CF00A50A22 /* SDWebImage */; };
		D72970F42B3C20CF00A50A22 /* SDWebImageMapKit in Frameworks */ = {isa = PBXBuildFile; productRef = D72970F32B3C20CF00A50A22 /* SDWebImageMapKit */; };
		D72970F62B3C2A2F00A50A22 /* ContentTableViewCell.swift in Sources */ = {isa = PBXBuildFile; fileRef = D72970F52B3C2A2F00A50A22 /* ContentTableViewCell.swift */; };
		D72970F82B3C2C9600A50A22 /* ContentViewModel.swift in Sources */ = {isa = PBXBuildFile; fileRef = D72970F72B3C2C9600A50A22 /* ContentViewModel.swift */; };
		D73A55C82B3C0A9600EB0845 /* AppDelegate.swift in Sources */ = {isa = PBXBuildFile; fileRef = D73A55C72B3C0A9600EB0845 /* AppDelegate.swift */; };
		D73A55CA2B3C0A9600EB0845 /* SceneDelegate.swift in Sources */ = {isa = PBXBuildFile; fileRef = D73A55C92B3C0A9600EB0845 /* SceneDelegate.swift */; };
		D73A55D12B3C0A9A00EB0845 /* Assets.xcassets in Resources */ = {isa = PBXBuildFile; fileRef = D73A55D02B3C0A9A00EB0845 /* Assets.xcassets */; };
		D73A55D42B3C0A9A00EB0845 /* LaunchScreen.storyboard in Resources */ = {isa = PBXBuildFile; fileRef = D73A55D22B3C0A9A00EB0845 /* LaunchScreen.storyboard */; };
/* End PBXBuildFile section */

/* Begin PBXFileReference section */
		D72970CF2B3C0EC300A50A22 /* Content.swift */ = {isa = PBXFileReference; lastKnownFileType = sourcecode.swift; path = Content.swift; sourceTree = "<group>"; };
		D72970D42B3C0F0800A50A22 /* CollectionViewTableViewCell.swift */ = {isa = PBXFileReference; lastKnownFileType = sourcecode.swift; path = CollectionViewTableViewCell.swift; sourceTree = "<group>"; };
		D72970D62B3C0F2300A50A22 /* HeroHeaderUIView.swift */ = {isa = PBXFileReference; lastKnownFileType = sourcecode.swift; path = HeroHeaderUIView.swift; sourceTree = "<group>"; };
		D72970D92B3C0F6400A50A22 /* HomeViewController.swift */ = {isa = PBXFileReference; lastKnownFileType = sourcecode.swift; path = HomeViewController.swift; sourceTree = "<group>"; };
		D72970DB2B3C0F7D00A50A22 /* DownloadsViewController.swift */ = {isa = PBXFileReference; lastKnownFileType = sourcecode.swift; path = DownloadsViewController.swift; sourceTree = "<group>"; };
		D72970DD2B3C0F9500A50A22 /* SearchViewController.swift */ = {isa = PBXFileReference; lastKnownFileType = sourcecode.swift; path = SearchViewController.swift; sourceTree = "<group>"; };
		D72970E02B3C0FB400A50A22 /* UpcomingViewController.swift */ = {isa = PBXFileReference; lastKnownFileType = sourcecode.swift; path = UpcomingViewController.swift; sourceTree = "<group>"; };
		D72970E32B3C0FD900A50A22 /* Extensions.swift */ = {isa = PBXFileReference; lastKnownFileType = sourcecode.swift; path = Extensions.swift; sourceTree = "<group>"; };
		D72970E62B3C0FF700A50A22 /* APIManager.swift */ = {isa = PBXFileReference; lastKnownFileType = sourcecode.swift; path = APIManager.swift; sourceTree = "<group>"; };
		D72970E92B3C124C00A50A22 /* MainTabBarViewController.swift */ = {isa = PBXFileReference; lastKnownFileType = sourcecode.swift; path = MainTabBarViewController.swift; sourceTree = "<group>"; };
		D72970EB2B3C1E7700A50A22 /* ContentCollectionViewCell.swift */ = {isa = PBXFileReference; lastKnownFileType = sourcecode.swift; path = ContentCollectionViewCell.swift; sourceTree = "<group>"; };
		D72970F52B3C2A2F00A50A22 /* ContentTableViewCell.swift */ = {isa = PBXFileReference; lastKnownFileType = sourcecode.swift; path = ContentTableViewCell.swift; sourceTree = "<group>"; };
		D72970F72B3C2C9600A50A22 /* ContentViewModel.swift */ = {isa = PBXFileReference; lastKnownFileType = sourcecode.swift; path = ContentViewModel.swift; sourceTree = "<group>"; };
		D73A55C42B3C0A9600EB0845 /* Netflix Clone iOS UIKit.app */ = {isa = PBXFileReference; explicitFileType = wrapper.application; includeInIndex = 0; path = "Netflix Clone iOS UIKit.app"; sourceTree = BUILT_PRODUCTS_DIR; };
		D73A55C72B3C0A9600EB0845 /* AppDelegate.swift */ = {isa = PBXFileReference; lastKnownFileType = sourcecode.swift; path = AppDelegate.swift; sourceTree = "<group>"; };
		D73A55C92B3C0A9600EB0845 /* SceneDelegate.swift */ = {isa = PBXFileReference; lastKnownFileType = sourcecode.swift; path = SceneDelegate.swift; sourceTree = "<group>"; };
		D73A55D02B3C0A9A00EB0845 /* Assets.xcassets */ = {isa = PBXFileReference; lastKnownFileType = folder.assetcatalog; path = Assets.xcassets; sourceTree = "<group>"; };
		D73A55D32B3C0A9A00EB0845 /* Base */ = {isa = PBXFileReference; lastKnownFileType = file.storyboard; name = Base; path = Base.lproj/LaunchScreen.storyboard; sourceTree = "<group>"; };
		D73A55D52B3C0A9A00EB0845 /* Info.plist */ = {isa = PBXFileReference; lastKnownFileType = text.plist.xml; path = Info.plist; sourceTree = "<group>"; };
/* End PBXFileReference section */

/* Begin PBXFrameworksBuildPhase section */
		D73A55C12B3C0A9600EB0845 /* Frameworks */ = {
			isa = PBXFrameworksBuildPhase;
			buildActionMask = 2147483647;
			files = (
				D72970F42B3C20CF00A50A22 /* SDWebImageMapKit in Frameworks */,
				D72970F22B3C20CF00A50A22 /* SDWebImage in Frameworks */,
			);
			runOnlyForDeploymentPostprocessing = 0;
		};
/* End PBXFrameworksBuildPhase section */

/* Begin PBXGroup section */
		D72970CE2B3C0EAB00A50A22 /* Models */ = {
			isa = PBXGroup;
			children = (
				D72970CF2B3C0EC300A50A22 /* Content.swift */,
			);
			path = Models;
			sourceTree = "<group>";
		};
		D72970D32B3C0EEE00A50A22 /* Views */ = {
			isa = PBXGroup;
			children = (
				D72970D42B3C0F0800A50A22 /* CollectionViewTableViewCell.swift */,
				D72970D62B3C0F2300A50A22 /* HeroHeaderUIView.swift */,
				D72970EB2B3C1E7700A50A22 /* ContentCollectionViewCell.swift */,
				D72970F52B3C2A2F00A50A22 /* ContentTableViewCell.swift */,
			);
			path = Views;
			sourceTree = "<group>";
		};
		D72970D82B3C0F4300A50A22 /* Controllers */ = {
			isa = PBXGroup;
			children = (
				D72970D92B3C0F6400A50A22 /* HomeViewController.swift */,
				D72970DB2B3C0F7D00A50A22 /* DownloadsViewController.swift */,
				D72970DD2B3C0F9500A50A22 /* SearchViewController.swift */,
				D72970E02B3C0FB400A50A22 /* UpcomingViewController.swift */,
			);
			path = Controllers;
			sourceTree = "<group>";
		};
		D72970E22B3C0FC600A50A22 /* Util */ = {
			isa = PBXGroup;
			children = (
				D72970E32B3C0FD900A50A22 /* Extensions.swift */,
			);
			path = Util;
			sourceTree = "<group>";
		};
		D72970E52B3C0FEA00A50A22 /* Managers */ = {
			isa = PBXGroup;
			children = (
				D72970E62B3C0FF700A50A22 /* APIManager.swift */,
			);
			path = Managers;
			sourceTree = "<group>";
		};
		D72970E82B3C11AE00A50A22 /* ViewModels */ = {
			isa = PBXGroup;
			children = (
				D72970F72B3C2C9600A50A22 /* ContentViewModel.swift */,
			);
			path = ViewModels;
			sourceTree = "<group>";
		};
		D73A55BB2B3C0A9600EB0845 = {
			isa = PBXGroup;
			children = (
				D73A55C62B3C0A9600EB0845 /* Netflix Clone iOS UIKit */,
				D73A55C52B3C0A9600EB0845 /* Products */,
			);
			sourceTree = "<group>";
		};
		D73A55C52B3C0A9600EB0845 /* Products */ = {
			isa = PBXGroup;
			children = (
				D73A55C42B3C0A9600EB0845 /* Netflix Clone iOS UIKit.app */,
			);
			name = Products;
			sourceTree = "<group>";
		};
		D73A55C62B3C0A9600EB0845 /* Netflix Clone iOS UIKit */ = {
			isa = PBXGroup;
			children = (
				D72970E52B3C0FEA00A50A22 /* Managers */,
				D72970CE2B3C0EAB00A50A22 /* Models */,
				D72970D32B3C0EEE00A50A22 /* Views */,
				D72970D82B3C0F4300A50A22 /* Controllers */,
				D72970E82B3C11AE00A50A22 /* ViewModels */,
				D72970E22B3C0FC600A50A22 /* Util */,
				D73A55C72B3C0A9600EB0845 /* AppDelegate.swift */,
				D73A55C92B3C0A9600EB0845 /* SceneDelegate.swift */,
				D72970E92B3C124C00A50A22 /* MainTabBarViewController.swift */,
				D73A55D02B3C0A9A00EB0845 /* Assets.xcassets */,
				D73A55D22B3C0A9A00EB0845 /* LaunchScreen.storyboard */,
				D73A55D52B3C0A9A00EB0845 /* Info.plist */,
			);
			path = "Netflix Clone iOS UIKit";
			sourceTree = "<group>";
		};
/* End PBXGroup section */

/* Begin PBXNativeTarget section */
		D73A55C32B3C0A9600EB0845 /* Netflix Clone iOS UIKit */ = {
			isa = PBXNativeTarget;
			buildConfigurationList = D73A55D82B3C0A9A00EB0845 /* Build configuration list for PBXNativeTarget "Netflix Clone iOS UIKit" */;
			buildPhases = (
				D73A55C02B3C0A9600EB0845 /* Sources */,
				D73A55C12B3C0A9600EB0845 /* Frameworks */,
				D73A55C22B3C0A9600EB0845 /* Resources */,
			);
			buildRules = (
			);
			dependencies = (
			);
			name = "Netflix Clone iOS UIKit";
			packageProductDependencies = (
				D72970F12B3C20CF00A50A22 /* SDWebImage */,
				D72970F32B3C20CF00A50A22 /* SDWebImageMapKit */,
			);
			productName = "Netflix Clone iOS UIKit";
			productReference = D73A55C42B3C0A9600EB0845 /* Netflix Clone iOS UIKit.app */;
			productType = "com.apple.product-type.application";
		};
/* End PBXNativeTarget section */

/* Begin PBXProject section */
		D73A55BC2B3C0A9600EB0845 /* Project object */ = {
			isa = PBXProject;
			attributes = {
				BuildIndependentTargetsInParallel = 1;
				LastSwiftUpdateCheck = 1430;
				LastUpgradeCheck = 1430;
				TargetAttributes = {
					D73A55C32B3C0A9600EB0845 = {
						CreatedOnToolsVersion = 14.3.1;
					};
				};
			};
			buildConfigurationList = D73A55BF2B3C0A9600EB0845 /* Build configuration list for PBXProject "Netflix Clone iOS UIKit" */;
			compatibilityVersion = "Xcode 14.0";
			developmentRegion = en;
			hasScannedForEncodings = 0;
			knownRegions = (
				en,
				Base,
			);
			mainGroup = D73A55BB2B3C0A9600EB0845;
			packageReferences = (
				D72970F02B3C20CF00A50A22 /* XCRemoteSwiftPackageReference "SDWebImage" */,
			);
			productRefGroup = D73A55C52B3C0A9600EB0845 /* Products */;
			projectDirPath = "";
			projectRoot = "";
			targets = (
				D73A55C32B3C0A9600EB0845 /* Netflix Clone iOS UIKit */,
			);
		};
/* End PBXProject section */

/* Begin PBXResourcesBuildPhase section */
		D73A55C22B3C0A9600EB0845 /* Resources */ = {
			isa = PBXResourcesBuildPhase;
			buildActionMask = 2147483647;
			files = (
				D73A55D42B3C0A9A00EB0845 /* LaunchScreen.storyboard in Resources */,
				D73A55D12B3C0A9A00EB0845 /* Assets.xcassets in Resources */,
			);
			runOnlyForDeploymentPostprocessing = 0;
		};
/* End PBXResourcesBuildPhase section */

/* Begin PBXSourcesBuildPhase section */
		D73A55C02B3C0A9600EB0845 /* Sources */ = {
			isa = PBXSourcesBuildPhase;
			buildActionMask = 2147483647;
			files = (
				D72970DE2B3C0F9500A50A22 /* SearchViewController.swift in Sources */,
				D73A55C82B3C0A9600EB0845 /* AppDelegate.swift in Sources */,
				D72970D52B3C0F0800A50A22 /* CollectionViewTableViewCell.swift in Sources */,
				D72970DA2B3C0F6400A50A22 /* HomeViewController.swift in Sources */,
				D72970EC2B3C1E7700A50A22 /* ContentCollectionViewCell.swift in Sources */,
				D72970D72B3C0F2300A50A22 /* HeroHeaderUIView.swift in Sources */,
				D72970DC2B3C0F7D00A50A22 /* DownloadsViewController.swift in Sources */,
				D72970E42B3C0FD900A50A22 /* Extensions.swift in Sources */,
				D72970EA2B3C124C00A50A22 /* MainTabBarViewController.swift in Sources */,
				D72970D02B3C0EC300A50A22 /* Content.swift in Sources */,
				D73A55CA2B3C0A9600EB0845 /* SceneDelegate.swift in Sources */,
				D72970F62B3C2A2F00A50A22 /* ContentTableViewCell.swift in Sources */,
				D72970E72B3C0FF700A50A22 /* APIManager.swift in Sources */,
				D72970E12B3C0FB400A50A22 /* UpcomingViewController.swift in Sources */,
				D72970F82B3C2C9600A50A22 /* ContentViewModel.swift in Sources */,
			);
			runOnlyForDeploymentPostprocessing = 0;
		};
/* End PBXSourcesBuildPhase section */

/* Begin PBXVariantGroup section */
		D73A55D22B3C0A9A00EB0845 /* LaunchScreen.storyboard */ = {
			isa = PBXVariantGroup;
			children = (
				D73A55D32B3C0A9A00EB0845 /* Base */,
			);
			name = LaunchScreen.storyboard;
			sourceTree = "<group>";
		};
/* End PBXVariantGroup section */

/* Begin XCBuildConfiguration section */
		D73A55D62B3C0A9A00EB0845 /* Debug */ = {
			isa = XCBuildConfiguration;
			buildSettings = {
				ALWAYS_SEARCH_USER_PATHS = NO;
				CLANG_ANALYZER_NONNULL = YES;
				CLANG_ANALYZER_NUMBER_OBJECT_CONVERSION = YES_AGGRESSIVE;
				CLANG_CXX_LANGUAGE_STANDARD = "gnu++20";
				CLANG_ENABLE_MODULES = YES;
				CLANG_ENABLE_OBJC_ARC = YES;
				CLANG_ENABLE_OBJC_WEAK = YES;
				CLANG_WARN_BLOCK_CAPTURE_AUTORELEASING = YES;
				CLANG_WARN_BOOL_CONVERSION = YES;
				CLANG_WARN_COMMA = YES;
				CLANG_WARN_CONSTANT_CONVERSION = YES;
				CLANG_WARN_DEPRECATED_OBJC_IMPLEMENTATIONS = YES;
				CLANG_WARN_DIRECT_OBJC_ISA_USAGE = YES_ERROR;
				CLANG_WARN_DOCUMENTATION_COMMENTS = YES;
				CLANG_WARN_EMPTY_BODY = YES;
				CLANG_WARN_ENUM_CONVERSION = YES;
				CLANG_WARN_INFINITE_RECURSION = YES;
				CLANG_WARN_INT_CONVERSION = YES;
				CLANG_WARN_NON_LITERAL_NULL_CONVERSION = YES;
				CLANG_WARN_OBJC_IMPLICIT_RETAIN_SELF = YES;
				CLANG_WARN_OBJC_LITERAL_CONVERSION = YES;
				CLANG_WARN_OBJC_ROOT_CLASS = YES_ERROR;
				CLANG_WARN_QUOTED_INCLUDE_IN_FRAMEWORK_HEADER = YES;
				CLANG_WARN_RANGE_LOOP_ANALYSIS = YES;
				CLANG_WARN_STRICT_PROTOTYPES = YES;
				CLANG_WARN_SUSPICIOUS_MOVE = YES;
				CLANG_WARN_UNGUARDED_AVAILABILITY = YES_AGGRESSIVE;
				CLANG_WARN_UNREACHABLE_CODE = YES;
				CLANG_WARN__DUPLICATE_METHOD_MATCH = YES;
				COPY_PHASE_STRIP = NO;
				DEBUG_INFORMATION_FORMAT = dwarf;
				ENABLE_STRICT_OBJC_MSGSEND = YES;
				ENABLE_TESTABILITY = YES;
				GCC_C_LANGUAGE_STANDARD = gnu11;
				GCC_DYNAMIC_NO_PIC = NO;
				GCC_NO_COMMON_BLOCKS = YES;
				GCC_OPTIMIZATION_LEVEL = 0;
				GCC_PREPROCESSOR_DEFINITIONS = (
					"DEBUG=1",
					"$(inherited)",
				);
				GCC_WARN_64_TO_32_BIT_CONVERSION = YES;
				GCC_WARN_ABOUT_RETURN_TYPE = YES_ERROR;
				GCC_WARN_UNDECLARED_SELECTOR = YES;
				GCC_WARN_UNINITIALIZED_AUTOS = YES_AGGRESSIVE;
				GCC_WARN_UNUSED_FUNCTION = YES;
				GCC_WARN_UNUSED_VARIABLE = YES;
				IPHONEOS_DEPLOYMENT_TARGET = 16.4;
				MTL_ENABLE_DEBUG_INFO = INCLUDE_SOURCE;
				MTL_FAST_MATH = YES;
				ONLY_ACTIVE_ARCH = YES;
				SDKROOT = iphoneos;
				SWIFT_ACTIVE_COMPILATION_CONDITIONS = DEBUG;
				SWIFT_OPTIMIZATION_LEVEL = "-Onone";
			};
			name = Debug;
		};
		D73A55D72B3C0A9A00EB0845 /* Release */ = {
			isa = XCBuildConfiguration;
			buildSettings = {
				ALWAYS_SEARCH_USER_PATHS = NO;
				CLANG_ANALYZER_NONNULL = YES;
				CLANG_ANALYZER_NUMBER_OBJECT_CONVERSION = YES_AGGRESSIVE;
				CLANG_CXX_LANGUAGE_STANDARD = "gnu++20";
				CLANG_ENABLE_MODULES = YES;
				CLANG_ENABLE_OBJC_ARC = YES;
				CLANG_ENABLE_OBJC_WEAK = YES;
				CLANG_WARN_BLOCK_CAPTURE_AUTORELEASING = YES;
				CLANG_WARN_BOOL_CONVERSION = YES;
				CLANG_WARN_COMMA = YES;
				CLANG_WARN_CONSTANT_CONVERSION = YES;
				CLANG_WARN_DEPRECATED_OBJC_IMPLEMENTATIONS = YES;
				CLANG_WARN_DIRECT_OBJC_ISA_USAGE = YES_ERROR;
				CLANG_WARN_DOCUMENTATION_COMMENTS = YES;
				CLANG_WARN_EMPTY_BODY = YES;
				CLANG_WARN_ENUM_CONVERSION = YES;
				CLANG_WARN_INFINITE_RECURSION = YES;
				CLANG_WARN_INT_CONVERSION = YES;
				CLANG_WARN_NON_LITERAL_NULL_CONVERSION = YES;
				CLANG_WARN_OBJC_IMPLICIT_RETAIN_SELF = YES;
				CLANG_WARN_OBJC_LITERAL_CONVERSION = YES;
				CLANG_WARN_OBJC_ROOT_CLASS = YES_ERROR;
				CLANG_WARN_QUOTED_INCLUDE_IN_FRAMEWORK_HEADER = YES;
				CLANG_WARN_RANGE_LOOP_ANALYSIS = YES;
				CLANG_WARN_STRICT_PROTOTYPES = YES;
				CLANG_WARN_SUSPICIOUS_MOVE = YES;
				CLANG_WARN_UNGUARDED_AVAILABILITY = YES_AGGRESSIVE;
				CLANG_WARN_UNREACHABLE_CODE = YES;
				CLANG_WARN__DUPLICATE_METHOD_MATCH = YES;
				COPY_PHASE_STRIP = NO;
				DEBUG_INFORMATION_FORMAT = "dwarf-with-dsym";
				ENABLE_NS_ASSERTIONS = NO;
				ENABLE_STRICT_OBJC_MSGSEND = YES;
				GCC_C_LANGUAGE_STANDARD = gnu11;
				GCC_NO_COMMON_BLOCKS = YES;
				GCC_WARN_64_TO_32_BIT_CONVERSION = YES;
				GCC_WARN_ABOUT_RETURN_TYPE = YES_ERROR;
				GCC_WARN_UNDECLARED_SELECTOR = YES;
				GCC_WARN_UNINITIALIZED_AUTOS = YES_AGGRESSIVE;
				GCC_WARN_UNUSED_FUNCTION = YES;
				GCC_WARN_UNUSED_VARIABLE = YES;
				IPHONEOS_DEPLOYMENT_TARGET = 16.4;
				MTL_ENABLE_DEBUG_INFO = NO;
				MTL_FAST_MATH = YES;
				SDKROOT = iphoneos;
				SWIFT_COMPILATION_MODE = wholemodule;
				SWIFT_OPTIMIZATION_LEVEL = "-O";
				VALIDATE_PRODUCT = YES;
			};
			name = Release;
		};
		D73A55D92B3C0A9A00EB0845 /* Debug */ = {
			isa = XCBuildConfiguration;
			buildSettings = {
				ASSETCATALOG_COMPILER_APPICON_NAME = AppIcon;
				ASSETCATALOG_COMPILER_GLOBAL_ACCENT_COLOR_NAME = AccentColor;
				CODE_SIGN_STYLE = Automatic;
				CURRENT_PROJECT_VERSION = 1;
				GENERATE_INFOPLIST_FILE = YES;
				INFOPLIST_FILE = "Netflix Clone iOS UIKit/Info.plist";
				INFOPLIST_KEY_UIApplicationSupportsIndirectInputEvents = YES;
				INFOPLIST_KEY_UILaunchStoryboardName = LaunchScreen;
				INFOPLIST_KEY_UISupportedInterfaceOrientations_iPad = "UIInterfaceOrientationPortrait UIInterfaceOrientationPortraitUpsideDown UIInterfaceOrientationLandscapeLeft UIInterfaceOrientationLandscapeRight";
				INFOPLIST_KEY_UISupportedInterfaceOrientations_iPhone = "UIInterfaceOrientationPortrait UIInterfaceOrientationLandscapeLeft UIInterfaceOrientationLandscapeRight";
				LD_RUNPATH_SEARCH_PATHS = (
					"$(inherited)",
					"@executable_path/Frameworks",
				);
				MARKETING_VERSION = 1.0;
				PRODUCT_BUNDLE_IDENTIFIER = "com.netflixclone.uikit.Netflix-Clone-iOS-UIKit";
				PRODUCT_NAME = "$(TARGET_NAME)";
				SWIFT_EMIT_LOC_STRINGS = YES;
				SWIFT_VERSION = 5.0;
				TARGETED_DEVICE_FAMILY = "1,2";
			};
			name = Debug;
		};
		D73A55DA2B3C0A9A00EB0845 /* Release */ = {
			isa = XCBuildConfiguration;
			buildSettings = {
				ASSETCATALOG_COMPILER_APPICON_NAME = AppIcon;
				ASSETCATALOG_COMPILER_GLOBAL_ACCENT_COLOR_NAME = AccentColor;
				CODE_SIGN_STYLE = Automatic;
				CURRENT_PROJECT_VERSION = 1;
				GENERATE_INFOPLIST_FILE = YES;
				INFOPLIST_FILE = "Netflix Clone iOS UIKit/Info.plist";
				INFOPLIST_KEY_UIApplicationSupportsIndirectInputEvents = YES;
				INFOPLIST_KEY_UILaunchStoryboardName = LaunchScreen;
				INFOPLIST_KEY_UISupportedInterfaceOrientations_iPad = "UIInterfaceOrientationPortrait UIInterfaceOrientationPortraitUpsideDown UIInterfaceOrientationLandscapeLeft UIInterfaceOrientationLandscapeRight";
				INFOPLIST_KEY_UISupportedInterfaceOrientations_iPhone = "UIInterfaceOrientationPortrait UIInterfaceOrientationLandscapeLeft UIInterfaceOrientationLandscapeRight";
				LD_RUNPATH_SEARCH_PATHS = (
					"$(inherited)",
					"@executable_path/Frameworks",
				);
				MARKETING_VERSION = 1.0;
				PRODUCT_BUNDLE_IDENTIFIER = "com.netflixclone.uikit.Netflix-Clone-iOS-UIKit";
				PRODUCT_NAME = "$(TARGET_NAME)";
				SWIFT_EMIT_LOC_STRINGS = YES;
				SWIFT_VERSION = 5.0;
				TARGETED_DEVICE_FAMILY = "1,2";
			};
			name = Release;
		};
/* End XCBuildConfiguration section */

/* Begin XCConfigurationList section */
		D73A55BF2B3C0A9600EB0845 /* Build configuration list for PBXProject "Netflix Clone iOS UIKit" */ = {
			isa = XCConfigurationList;
			buildConfigurations = (
				D73A55D62B3C0A9A00EB0845 /* Debug */,
				D73A55D72B3C0A9A00EB0845 /* Release */,
			);
			defaultConfigurationIsVisible = 0;
			defaultConfigurationName = Release;
		};
		D73A55D82B3C0A9A00EB0845 /* Build configuration list for PBXNativeTarget "Netflix Clone iOS UIKit" */ = {
			isa = XCConfigurationList;
			buildConfigurations = (
				D73A55D92B3C0A9A00EB0845 /* Debug */,
				D73A55DA2B3C0A9A00EB0845 /* Release */,
			);
			defaultConfigurationIsVisible = 0;
			defaultConfigurationName = Release;
		};
/* End XCConfigurationList section */

/* Begin XCRemoteSwiftPackageReference section */
		D72970F02B3C20CF00A50A22 /* XCRemoteSwiftPackageReference "SDWebImage" */ = {
			isa = XCRemoteSwiftPackageReference;
			repositoryURL = "https://github.com/SDWebImage/SDWebImage.git";
			requirement = {
				kind = upToNextMajorVersion;
				minimumVersion = 5.0.0;
			};
		};
/* End XCRemoteSwiftPackageReference section */

/* Begin XCSwiftPackageProductDependency section */
		D72970F12B3C20CF00A50A22 /* SDWebImage */ = {
			isa = XCSwiftPackageProductDependency;
			package = D72970F02B3C20CF00A50A22 /* XCRemoteSwiftPackageReference "SDWebImage" */;
			productName = SDWebImage;
		};
		D72970F32B3C20CF00A50A22 /* SDWebImageMapKit */ = {
			isa = XCSwiftPackageProductDependency;
			package = D72970F02B3C20CF00A50A22 /* XCRemoteSwiftPackageReference "SDWebImage" */;
			productName = SDWebImageMapKit;
		};
/* End XCSwiftPackageProductDependency section */
	};
	rootObject = D73A55BC2B3C0A9600EB0845 /* Project object */;
}
